
Microsoft Visual Studio Solution File, Format Version 12.00
# Visual Studio Version 16
VisualStudioVersion = 16.0.31025.194
MinimumVisualStudioVersion = 10.0.40219.1
Project("{FAE04EC0-301F-11D3-BF4B-00C04F79EFBC}") = "StudProvider", "StudProvider.csproj", "{81001529-97D6-4D62-9DCD-FE16296CABA7}"
EndProject
Global
	GlobalSection(SolutionConfigurationPlatforms) = preSolution
		Debug|Any CPU = Debug|Any CPU
		Release|Any CPU = Release|Any CPU
	EndGlobalSection
	GlobalSection(ProjectConfigurationPlatforms) = postSolution
		{81001529-97D6-4D62-9DCD-FE16296CABA7}.Debug|Any CPU.ActiveCfg = Debug|Any CPU
		{81001529-97D6-4D62-9DCD-FE16296CABA7}.Debug|Any CPU.Build.0 = Debug|Any CPU
		{81001529-97D6-4D62-9DCD-FE16296CABA7}.Release|Any CPU.ActiveCfg = Release|Any CPU
		{81001529-97D6-4D62-9DCD-FE16296CABA7}.Release|Any CPU.Build.0 = Release|Any CPU
	EndGlobalSection
	GlobalSection(SolutionProperties) = preSolution
		HideSolutionNode = FALSE
	EndGlobalSection
	GlobalSection(ExtensibilityGlobals) = postSolution
		SolutionGuid = {02ED6438-51B9-48E4-873B-F129C40A39E9}
	EndGlobalSection
EndGlobal
